
Microsoft Visual Studio Solution File, Format Version 12.00
# Visual Studio Version 16
VisualStudioVersion = 16.0.30114.105
MinimumVisualStudioVersion = 10.0.40219.1
Project("{FAE04EC0-301F-11D3-BF4B-00C04F79EFBC}") = "paymentcontext.domain", "paymentcontext.domain\paymentcontext.domain.csproj", "{69BC8A3A-A81B-4580-A36C-348717AC7FA2}"
EndProject
Project("{FAE04EC0-301F-11D3-BF4B-00C04F79EFBC}") = "paymentcontext.shared", "paymentcontext.shared\paymentcontext.shared.csproj", "{76D73C31-A987-4CB8-8F04-D0440A80DD13}"
EndProject
Project("{FAE04EC0-301F-11D3-BF4B-00C04F79EFBC}") = "paymentcontext.tests", "paymentcontext.tests\paymentcontext.tests.csproj", "{769F0B3F-746F-4605-8E3F-7B49C5124E68}"
EndProject
Global
	GlobalSection(SolutionConfigurationPlatforms) = preSolution
		Debug|Any CPU = Debug|Any CPU
		Release|Any CPU = Release|Any CPU
	EndGlobalSection
	GlobalSection(SolutionProperties) = preSolution
		HideSolutionNode = FALSE
	EndGlobalSection
	GlobalSection(ProjectConfigurationPlatforms) = postSolution
		{69BC8A3A-A81B-4580-A36C-348717AC7FA2}.Debug|Any CPU.ActiveCfg = Debug|Any CPU
		{69BC8A3A-A81B-4580-A36C-348717AC7FA2}.Debug|Any CPU.Build.0 = Debug|Any CPU
		{69BC8A3A-A81B-4580-A36C-348717AC7FA2}.Release|Any CPU.ActiveCfg = Release|Any CPU
		{69BC8A3A-A81B-4580-A36C-348717AC7FA2}.Release|Any CPU.Build.0 = Release|Any CPU
		{76D73C31-A987-4CB8-8F04-D0440A80DD13}.Debug|Any CPU.ActiveCfg = Debug|Any CPU
		{76D73C31-A987-4CB8-8F04-D0440A80DD13}.Debug|Any CPU.Build.0 = Debug|Any CPU
		{76D73C31-A987-4CB8-8F04-D0440A80DD13}.Release|Any CPU.ActiveCfg = Release|Any CPU
		{76D73C31-A987-4CB8-8F04-D0440A80DD13}.Release|Any CPU.Build.0 = Release|Any CPU
		{769F0B3F-746F-4605-8E3F-7B49C5124E68}.Debug|Any CPU.ActiveCfg = Debug|Any CPU
		{769F0B3F-746F-4605-8E3F-7B49C5124E68}.Debug|Any CPU.Build.0 = Debug|Any CPU
		{769F0B3F-746F-4605-8E3F-7B49C5124E68}.Release|Any CPU.ActiveCfg = Release|Any CPU
		{769F0B3F-746F-4605-8E3F-7B49C5124E68}.Release|Any CPU.Build.0 = Release|Any CPU
	EndGlobalSection
EndGlobal
